// !$*UTF8*$!
{
	archiveVersion = 1;
	classes = {
	};
	objectVersion = 56;
	objects = {

/* Begin PBXBuildFile section */
		3302A0A829F8928400B87764 /* NetMoviesApp.swift in Sources */ = {isa = PBXBuildFile; fileRef = 3302A0A729F8928400B87764 /* NetMoviesApp.swift */; };
		3302A0AA29F8928400B87764 /* ContentView.swift in Sources */ = {isa = PBXBuildFile; fileRef = 3302A0A929F8928400B87764 /* ContentView.swift */; };
		3302A0AC29F8928500B87764 /* Assets.xcassets in Resources */ = {isa = PBXBuildFile; fileRef = 3302A0AB29F8928500B87764 /* Assets.xcassets */; };
		3302A0AF29F8928500B87764 /* Preview Assets.xcassets in Resources */ = {isa = PBXBuildFile; fileRef = 3302A0AE29F8928500B87764 /* Preview Assets.xcassets */; };
		3302A0B729F8987400B87764 /* APICaller.swift in Sources */ = {isa = PBXBuildFile; fileRef = 3302A0B629F8987400B87764 /* APICaller.swift */; };
		3302A0BA2A02656800B87764 /* SplashScreen.swift in Sources */ = {isa = PBXBuildFile; fileRef = 3302A0B92A02656800B87764 /* SplashScreen.swift */; };
		3302A0BD2A026D6F00B87764 /* LoginView.swift in Sources */ = {isa = PBXBuildFile; fileRef = 3302A0BC2A026D6F00B87764 /* LoginView.swift */; };
		3302A0BF2A02927900B87764 /* SignupView.swift in Sources */ = {isa = PBXBuildFile; fileRef = 3302A0BE2A02927900B87764 /* SignupView.swift */; };
		3302A0C12A03E3E100B87764 /* HomeView.swift in Sources */ = {isa = PBXBuildFile; fileRef = 3302A0C02A03E3E100B87764 /* HomeView.swift */; };
		3302A0C32A03E40900B87764 /* UpcomingView.swift in Sources */ = {isa = PBXBuildFile; fileRef = 3302A0C22A03E40900B87764 /* UpcomingView.swift */; };
		3302A0C52A03E41400B87764 /* SearchView.swift in Sources */ = {isa = PBXBuildFile; fileRef = 3302A0C42A03E41400B87764 /* SearchView.swift */; };
		3302A0C72A03E46500B87764 /* DownloadsView.swift in Sources */ = {isa = PBXBuildFile; fileRef = 3302A0C62A03E46500B87764 /* DownloadsView.swift */; };
		3302A0C92A03E7AA00B87764 /* MainTabBarView.swift in Sources */ = {isa = PBXBuildFile; fileRef = 3302A0C82A03E7AA00B87764 /* MainTabBarView.swift */; };
		3302A0CE2A05031C00B87764 /* HeaderView.swift in Sources */ = {isa = PBXBuildFile; fileRef = 3302A0CD2A05031C00B87764 /* HeaderView.swift */; };
		3302A0D02A0515C000B87764 /* MoviesViewModel.swift in Sources */ = {isa = PBXBuildFile; fileRef = 3302A0CF2A0515C000B87764 /* MoviesViewModel.swift */; };
		3302A0D22A051B9800B87764 /* Movie.swift in Sources */ = {isa = PBXBuildFile; fileRef = 3302A0D12A051B9800B87764 /* Movie.swift */; };
		3302A0D62A052A3700B87764 /* ProfileView.swift in Sources */ = {isa = PBXBuildFile; fileRef = 3302A0D52A052A3700B87764 /* ProfileView.swift */; };
		3302A0D82A052A5100B87764 /* PlayView.swift in Sources */ = {isa = PBXBuildFile; fileRef = 3302A0D72A052A5100B87764 /* PlayView.swift */; };
		33DD54B12A095FF900972388 /* SDWebImage in Frameworks */ = {isa = PBXBuildFile; productRef = 33DD54B02A095FF900972388 /* SDWebImage */; };
		33DD54B32A095FF900972388 /* SDWebImageMapKit in Frameworks */ = {isa = PBXBuildFile; productRef = 33DD54B22A095FF900972388 /* SDWebImageMapKit */; };
		33DD54B72A09653300972388 /* TitleCollectionView.swift in Sources */ = {isa = PBXBuildFile; fileRef = 33DD54B62A09653300972388 /* TitleCollectionView.swift */; };
		33DD54B92A0D2C3100972388 /* GoogleService-Info.plist in Resources */ = {isa = PBXBuildFile; fileRef = 33DD54B82A0D2C3100972388 /* GoogleService-Info.plist */; };
		33DD54BC2A0D2F9A00972388 /* FirebaseAuth in Frameworks */ = {isa = PBXBuildFile; productRef = 33DD54BB2A0D2F9A00972388 /* FirebaseAuth */; };
		33DD54BE2A0D2F9A00972388 /* FirebaseAuthCombine-Community in Frameworks */ = {isa = PBXBuildFile; productRef = 33DD54BD2A0D2F9A00972388 /* FirebaseAuthCombine-Community */; };
		33DD54C02A0D2F9A00972388 /* FirebaseDatabase in Frameworks */ = {isa = PBXBuildFile; productRef = 33DD54BF2A0D2F9A00972388 /* FirebaseDatabase */; };
		33DD54C22A0D2F9A00972388 /* FirebaseDatabaseSwift in Frameworks */ = {isa = PBXBuildFile; productRef = 33DD54C12A0D2F9A00972388 /* FirebaseDatabaseSwift */; };
		33DD54C42A0D2F9A00972388 /* FirebaseFirestore in Frameworks */ = {isa = PBXBuildFile; productRef = 33DD54C32A0D2F9A00972388 /* FirebaseFirestore */; };
		33DD54C62A0D2F9A00972388 /* FirebaseFirestoreCombine-Community in Frameworks */ = {isa = PBXBuildFile; productRef = 33DD54C52A0D2F9A00972388 /* FirebaseFirestoreCombine-Community */; };
		33DD54C82A0D2F9A00972388 /* FirebaseFirestoreSwift in Frameworks */ = {isa = PBXBuildFile; productRef = 33DD54C72A0D2F9A00972388 /* FirebaseFirestoreSwift */; };
		33DD54CA2A0D2F9A00972388 /* FirebaseStorage in Frameworks */ = {isa = PBXBuildFile; productRef = 33DD54C92A0D2F9A00972388 /* FirebaseStorage */; };
		33DD54CC2A0D2F9A00972388 /* FirebaseStorageCombine-Community in Frameworks */ = {isa = PBXBuildFile; productRef = 33DD54CB2A0D2F9A00972388 /* FirebaseStorageCombine-Community */; };
		33DD54D32A0E335400972388 /* FirebaseViewModel.swift in Sources */ = {isa = PBXBuildFile; fileRef = 33DD54D22A0E335400972388 /* FirebaseViewModel.swift */; };
		33DD54D52A0E846F00972388 /* SearchTest.swift in Sources */ = {isa = PBXBuildFile; fileRef = 33DD54D42A0E846F00972388 /* SearchTest.swift */; };
		33DD54D72A11230300972388 /* YoutubeSearchResponse.swift in Sources */ = {isa = PBXBuildFile; fileRef = 33DD54D62A11230300972388 /* YoutubeSearchResponse.swift */; };
		33DD54D92A1CFB4200972388 /* TrailerWebView.swift in Sources */ = {isa = PBXBuildFile; fileRef = 33DD54D82A1CFB4200972388 /* TrailerWebView.swift */; };
		33DD54DC2A1FBCD100972388 /* WebKit.framework in Frameworks */ = {isa = PBXBuildFile; fileRef = 33DD54DB2A1FBCD100972388 /* WebKit.framework */; };
		33DD54DF2A20B14100972388 /* NetMoviesDataModel.xcdatamodeld in Sources */ = {isa = PBXBuildFile; fileRef = 33DD54DD2A20B14100972388 /* NetMoviesDataModel.xcdatamodeld */; };
		33DD54E12A20B2AE00972388 /* MoviesModel.swift in Sources */ = {isa = PBXBuildFile; fileRef = 33DD54E02A20B2AE00972388 /* MoviesModel.swift */; };
		33DD54E52A22CE5800972388 /* DynamicProgress.swift in Sources */ = {isa = PBXBuildFile; fileRef = 33DD54E42A22CE5700972388 /* DynamicProgress.swift */; };
		33DD54E72A22CF1500972388 /* ProgressConfig.swift in Sources */ = {isa = PBXBuildFile; fileRef = 33DD54E62A22CF1500972388 /* ProgressConfig.swift */; };
/* End PBXBuildFile section */

/* Begin PBXFileReference section */
		3302A0A429F8928400B87764 /* NetMovies.app */ = {isa = PBXFileReference; explicitFileType = wrapper.application; includeInIndex = 0; path = NetMovies.app; sourceTree = BUILT_PRODUCTS_DIR; };
		3302A0A729F8928400B87764 /* NetMoviesApp.swift */ = {isa = PBXFileReference; lastKnownFileType = sourcecode.swift; path = NetMoviesApp.swift; sourceTree = "<group>"; };
		3302A0A929F8928400B87764 /* ContentView.swift */ = {isa = PBXFileReference; lastKnownFileType = sourcecode.swift; path = ContentView.swift; sourceTree = "<group>"; };
		3302A0AB29F8928500B87764 /* Assets.xcassets */ = {isa = PBXFileReference; lastKnownFileType = folder.assetcatalog; path = Assets.xcassets; sourceTree = "<group>"; };
		3302A0AE29F8928500B87764 /* Preview Assets.xcassets */ = {isa = PBXFileReference; lastKnownFileType = folder.assetcatalog; path = "Preview Assets.xcassets"; sourceTree = "<group>"; };
		3302A0B629F8987400B87764 /* APICaller.swift */ = {isa = PBXFileReference; lastKnownFileType = sourcecode.swift; path = APICaller.swift; sourceTree = "<group>"; };
		3302A0B92A02656800B87764 /* SplashScreen.swift */ = {isa = PBXFileReference; lastKnownFileType = sourcecode.swift; path = SplashScreen.swift; sourceTree = "<group>"; };
		3302A0BC2A026D6F00B87764 /* LoginView.swift */ = {isa = PBXFileReference; lastKnownFileType = sourcecode.swift; path = LoginView.swift; sourceTree = "<group>"; };
		3302A0BE2A02927900B87764 /* SignupView.swift */ = {isa = PBXFileReference; lastKnownFileType = sourcecode.swift; path = SignupView.swift; sourceTree = "<group>"; };
		3302A0C02A03E3E100B87764 /* HomeView.swift */ = {isa = PBXFileReference; lastKnownFileType = sourcecode.swift; path = HomeView.swift; sourceTree = "<group>"; };
		3302A0C22A03E40900B87764 /* UpcomingView.swift */ = {isa = PBXFileReference; lastKnownFileType = sourcecode.swift; path = UpcomingView.swift; sourceTree = "<group>"; };
		3302A0C42A03E41400B87764 /* SearchView.swift */ = {isa = PBXFileReference; lastKnownFileType = sourcecode.swift; path = SearchView.swift; sourceTree = "<group>"; };
		3302A0C62A03E46500B87764 /* DownloadsView.swift */ = {isa = PBXFileReference; lastKnownFileType = sourcecode.swift; path = DownloadsView.swift; sourceTree = "<group>"; };
		3302A0C82A03E7AA00B87764 /* MainTabBarView.swift */ = {isa = PBXFileReference; lastKnownFileType = sourcecode.swift; path = MainTabBarView.swift; sourceTree = "<group>"; };
		3302A0CD2A05031C00B87764 /* HeaderView.swift */ = {isa = PBXFileReference; lastKnownFileType = sourcecode.swift; path = HeaderView.swift; sourceTree = "<group>"; };
		3302A0CF2A0515C000B87764 /* MoviesViewModel.swift */ = {isa = PBXFileReference; lastKnownFileType = sourcecode.swift; path = MoviesViewModel.swift; sourceTree = "<group>"; };
		3302A0D12A051B9800B87764 /* Movie.swift */ = {isa = PBXFileReference; lastKnownFileType = sourcecode.swift; path = Movie.swift; sourceTree = "<group>"; };
		3302A0D52A052A3700B87764 /* ProfileView.swift */ = {isa = PBXFileReference; lastKnownFileType = sourcecode.swift; path = ProfileView.swift; sourceTree = "<group>"; };
		3302A0D72A052A5100B87764 /* PlayView.swift */ = {isa = PBXFileReference; lastKnownFileType = sourcecode.swift; path = PlayView.swift; sourceTree = "<group>"; };
		33DD54B62A09653300972388 /* TitleCollectionView.swift */ = {isa = PBXFileReference; lastKnownFileType = sourcecode.swift; path = TitleCollectionView.swift; sourceTree = "<group>"; };
		33DD54B82A0D2C3100972388 /* GoogleService-Info.plist */ = {isa = PBXFileReference; fileEncoding = 4; lastKnownFileType = text.plist.xml; name = "GoogleService-Info.plist"; path = "../../../Downloads/GoogleService-Info.plist"; sourceTree = "<group>"; };
		33DD54D22A0E335400972388 /* FirebaseViewModel.swift */ = {isa = PBXFileReference; lastKnownFileType = sourcecode.swift; path = FirebaseViewModel.swift; sourceTree = "<group>"; };
		33DD54D42A0E846F00972388 /* SearchTest.swift */ = {isa = PBXFileReference; lastKnownFileType = sourcecode.swift; path = SearchTest.swift; sourceTree = "<group>"; };
		33DD54D62A11230300972388 /* YoutubeSearchResponse.swift */ = {isa = PBXFileReference; lastKnownFileType = sourcecode.swift; path = YoutubeSearchResponse.swift; sourceTree = "<group>"; };
		33DD54D82A1CFB4200972388 /* TrailerWebView.swift */ = {isa = PBXFileReference; lastKnownFileType = sourcecode.swift; path = TrailerWebView.swift; sourceTree = "<group>"; };
		33DD54DB2A1FBCD100972388 /* WebKit.framework */ = {isa = PBXFileReference; lastKnownFileType = wrapper.framework; name = WebKit.framework; path = System/Library/Frameworks/WebKit.framework; sourceTree = SDKROOT; };
		33DD54DE2A20B14100972388 /* NetMoviesDataModel.xcdatamodel */ = {isa = PBXFileReference; lastKnownFileType = wrapper.xcdatamodel; path = NetMoviesDataModel.xcdatamodel; sourceTree = "<group>"; };
		33DD54E02A20B2AE00972388 /* MoviesModel.swift */ = {isa = PBXFileReference; lastKnownFileType = sourcecode.swift; path = MoviesModel.swift; sourceTree = "<group>"; };
		33DD54E42A22CE5700972388 /* DynamicProgress.swift */ = {isa = PBXFileReference; lastKnownFileType = sourcecode.swift; path = DynamicProgress.swift; sourceTree = "<group>"; };
		33DD54E62A22CF1500972388 /* ProgressConfig.swift */ = {isa = PBXFileReference; lastKnownFileType = sourcecode.swift; path = ProgressConfig.swift; sourceTree = "<group>"; };
/* End PBXFileReference section */

/* Begin PBXFrameworksBuildPhase section */
		3302A0A129F8928400B87764 /* Frameworks */ = {
			isa = PBXFrameworksBuildPhase;
			buildActionMask = 2147483647;
			files = (
				33DD54DC2A1FBCD100972388 /* WebKit.framework in Frameworks */,
				33DD54CC2A0D2F9A00972388 /* FirebaseStorageCombine-Community in Frameworks */,
				33DD54C22A0D2F9A00972388 /* FirebaseDatabaseSwift in Frameworks */,
				33DD54C62A0D2F9A00972388 /* FirebaseFirestoreCombine-Community in Frameworks */,
				33DD54C02A0D2F9A00972388 /* FirebaseDatabase in Frameworks */,
				33DD54CA2A0D2F9A00972388 /* FirebaseStorage in Frameworks */,
				33DD54B32A095FF900972388 /* SDWebImageMapKit in Frameworks */,
				33DD54BC2A0D2F9A00972388 /* FirebaseAuth in Frameworks */,
				33DD54B12A095FF900972388 /* SDWebImage in Frameworks */,
				33DD54BE2A0D2F9A00972388 /* FirebaseAuthCombine-Community in Frameworks */,
				33DD54C42A0D2F9A00972388 /* FirebaseFirestore in Frameworks */,
				33DD54C82A0D2F9A00972388 /* FirebaseFirestoreSwift in Frameworks */,
			);
			runOnlyForDeploymentPostprocessing = 0;
		};
/* End PBXFrameworksBuildPhase section */

/* Begin PBXGroup section */
		3302A09B29F8928400B87764 = {
			isa = PBXGroup;
			children = (
				3302A0A629F8928400B87764 /* NetMovies */,
				3302A0A529F8928400B87764 /* Products */,
				33DD54DA2A1FBCD100972388 /* Frameworks */,
			);
			sourceTree = "<group>";
		};
		3302A0A529F8928400B87764 /* Products */ = {
			isa = PBXGroup;
			children = (
				3302A0A429F8928400B87764 /* NetMovies.app */,
			);
			name = Products;
			sourceTree = "<group>";
		};
		3302A0A629F8928400B87764 /* NetMovies */ = {
			isa = PBXGroup;
			children = (
				33DD54B82A0D2C3100972388 /* GoogleService-Info.plist */,
				3302A0CC2A04FE5000B87764 /* Models */,
				3302A0B529F8985100B87764 /* Managers */,
				3302A0CB2A04FE1900B87764 /* Views */,
				3302A0CA2A04FE0E00B87764 /* ViewModels */,
				3302A0B82A02653A00B87764 /* SplashScreen */,
				3302A0A729F8928400B87764 /* NetMoviesApp.swift */,
				3302A0A929F8928400B87764 /* ContentView.swift */,
				3302A0AB29F8928500B87764 /* Assets.xcassets */,
				3302A0AD29F8928500B87764 /* Preview Content */,
			);
			path = NetMovies;
			sourceTree = "<group>";
		};
		3302A0AD29F8928500B87764 /* Preview Content */ = {
			isa = PBXGroup;
			children = (
				3302A0AE29F8928500B87764 /* Preview Assets.xcassets */,
			);
			path = "Preview Content";
			sourceTree = "<group>";
		};
		3302A0B529F8985100B87764 /* Managers */ = {
			isa = PBXGroup;
			children = (
				3302A0B629F8987400B87764 /* APICaller.swift */,
			);
			path = Managers;
			sourceTree = "<group>";
		};
		3302A0B82A02653A00B87764 /* SplashScreen */ = {
			isa = PBXGroup;
			children = (
				3302A0B92A02656800B87764 /* SplashScreen.swift */,
			);
			path = SplashScreen;
			sourceTree = "<group>";
		};
		3302A0CA2A04FE0E00B87764 /* ViewModels */ = {
			isa = PBXGroup;
			children = (
				3302A0CF2A0515C000B87764 /* MoviesViewModel.swift */,
				33DD54D22A0E335400972388 /* FirebaseViewModel.swift */,
			);
			path = ViewModels;
			sourceTree = "<group>";
		};
		3302A0CB2A04FE1900B87764 /* Views */ = {
			isa = PBXGroup;
			children = (
				3302A0BC2A026D6F00B87764 /* LoginView.swift */,
				3302A0BE2A02927900B87764 /* SignupView.swift */,
				3302A0C02A03E3E100B87764 /* HomeView.swift */,
				3302A0C22A03E40900B87764 /* UpcomingView.swift */,
				3302A0C62A03E46500B87764 /* DownloadsView.swift */,
				3302A0C42A03E41400B87764 /* SearchView.swift */,
				3302A0CD2A05031C00B87764 /* HeaderView.swift */,
				3302A0D52A052A3700B87764 /* ProfileView.swift */,
				3302A0D72A052A5100B87764 /* PlayView.swift */,
				3302A0C82A03E7AA00B87764 /* MainTabBarView.swift */,
				33DD54B62A09653300972388 /* TitleCollectionView.swift */,
				33DD54D42A0E846F00972388 /* SearchTest.swift */,
				33DD54D82A1CFB4200972388 /* TrailerWebView.swift */,
			);
			path = Views;
			sourceTree = "<group>";
		};
		3302A0CC2A04FE5000B87764 /* Models */ = {
			isa = PBXGroup;
			children = (
				3302A0D12A051B9800B87764 /* Movie.swift */,
				33DD54D62A11230300972388 /* YoutubeSearchResponse.swift */,
				33DD54DD2A20B14100972388 /* NetMoviesDataModel.xcdatamodeld */,
				33DD54E02A20B2AE00972388 /* MoviesModel.swift */,
				33DD54E42A22CE5700972388 /* DynamicProgress.swift */,
				33DD54E62A22CF1500972388 /* ProgressConfig.swift */,
			);
			path = Models;
			sourceTree = "<group>";
		};
		33DD54DA2A1FBCD100972388 /* Frameworks */ = {
			isa = PBXGroup;
			children = (
				33DD54DB2A1FBCD100972388 /* WebKit.framework */,
			);
			name = Frameworks;
			sourceTree = "<group>";
		};
/* End PBXGroup section */

/* Begin PBXNativeTarget section */
		3302A0A329F8928400B87764 /* NetMovies */ = {
			isa = PBXNativeTarget;
			buildConfigurationList = 3302A0B229F8928500B87764 /* Build configuration list for PBXNativeTarget "NetMovies" */;
			buildPhases = (
				3302A0A029F8928400B87764 /* Sources */,
				3302A0A129F8928400B87764 /* Frameworks */,
				3302A0A229F8928400B87764 /* Resources */,
			);
			buildRules = (
			);
			dependencies = (
			);
			name = NetMovies;
			packageProductDependencies = (
				33DD54B02A095FF900972388 /* SDWebImage */,
				33DD54B22A095FF900972388 /* SDWebImageMapKit */,
				33DD54BB2A0D2F9A00972388 /* FirebaseAuth */,
				33DD54BD2A0D2F9A00972388 /* FirebaseAuthCombine-Community */,
				33DD54BF2A0D2F9A00972388 /* FirebaseDatabase */,
				33DD54C12A0D2F9A00972388 /* FirebaseDatabaseSwift */,
				33DD54C32A0D2F9A00972388 /* FirebaseFirestore */,
				33DD54C52A0D2F9A00972388 /* FirebaseFirestoreCombine-Community */,
				33DD54C72A0D2F9A00972388 /* FirebaseFirestoreSwift */,
				33DD54C92A0D2F9A00972388 /* FirebaseStorage */,
				33DD54CB2A0D2F9A00972388 /* FirebaseStorageCombine-Community */,
			);
			productName = NetMovies;
			productReference = 3302A0A429F8928400B87764 /* NetMovies.app */;
			productType = "com.apple.product-type.application";
		};
/* End PBXNativeTarget section */

/* Begin PBXProject section */
		3302A09C29F8928400B87764 /* Project object */ = {
			isa = PBXProject;
			attributes = {
				BuildIndependentTargetsInParallel = 1;
				LastSwiftUpdateCheck = 1420;
				LastUpgradeCheck = 1420;
				TargetAttributes = {
					3302A0A329F8928400B87764 = {
						CreatedOnToolsVersion = 14.2;
					};
				};
			};
			buildConfigurationList = 3302A09F29F8928400B87764 /* Build configuration list for PBXProject "NetMovies" */;
			compatibilityVersion = "Xcode 14.0";
			developmentRegion = en;
			hasScannedForEncodings = 0;
			knownRegions = (
				en,
				Base,
			);
			mainGroup = 3302A09B29F8928400B87764;
			packageReferences = (
				33DD54AF2A095FF900972388 /* XCRemoteSwiftPackageReference "SDWebImage" */,
				33DD54BA2A0D2F9A00972388 /* XCRemoteSwiftPackageReference "firebase-ios-sdk" */,
			);
			productRefGroup = 3302A0A529F8928400B87764 /* Products */;
			projectDirPath = "";
			projectRoot = "";
			targets = (
				3302A0A329F8928400B87764 /* NetMovies */,
			);
		};
/* End PBXProject section */

/* Begin PBXResourcesBuildPhase section */
		3302A0A229F8928400B87764 /* Resources */ = {
			isa = PBXResourcesBuildPhase;
			buildActionMask = 2147483647;
			files = (
				3302A0AF29F8928500B87764 /* Preview Assets.xcassets in Resources */,
				3302A0AC29F8928500B87764 /* Assets.xcassets in Resources */,
				33DD54B92A0D2C3100972388 /* GoogleService-Info.plist in Resources */,
			);
			runOnlyForDeploymentPostprocessing = 0;
		};
/* End PBXResourcesBuildPhase section */

/* Begin PBXSourcesBuildPhase section */
		3302A0A029F8928400B87764 /* Sources */ = {
			isa = PBXSourcesBuildPhase;
			buildActionMask = 2147483647;
			files = (
				3302A0D22A051B9800B87764 /* Movie.swift in Sources */,
				3302A0C72A03E46500B87764 /* DownloadsView.swift in Sources */,
				3302A0C32A03E40900B87764 /* UpcomingView.swift in Sources */,
				3302A0BA2A02656800B87764 /* SplashScreen.swift in Sources */,
				33DD54B72A09653300972388 /* TitleCollectionView.swift in Sources */,
				3302A0C92A03E7AA00B87764 /* MainTabBarView.swift in Sources */,
				33DD54D52A0E846F00972388 /* SearchTest.swift in Sources */,
				3302A0C52A03E41400B87764 /* SearchView.swift in Sources */,
				33DD54D72A11230300972388 /* YoutubeSearchResponse.swift in Sources */,
				3302A0BF2A02927900B87764 /* SignupView.swift in Sources */,
				33DD54E52A22CE5800972388 /* DynamicProgress.swift in Sources */,
				3302A0D62A052A3700B87764 /* ProfileView.swift in Sources */,
				33DD54D32A0E335400972388 /* FirebaseViewModel.swift in Sources */,
				3302A0C12A03E3E100B87764 /* HomeView.swift in Sources */,
				3302A0D02A0515C000B87764 /* MoviesViewModel.swift in Sources */,
				3302A0D82A052A5100B87764 /* PlayView.swift in Sources */,
				3302A0CE2A05031C00B87764 /* HeaderView.swift in Sources */,
				33DD54DF2A20B14100972388 /* NetMoviesDataModel.xcdatamodeld in Sources */,
				3302A0AA29F8928400B87764 /* ContentView.swift in Sources */,
				3302A0B729F8987400B87764 /* APICaller.swift in Sources */,
				3302A0A829F8928400B87764 /* NetMoviesApp.swift in Sources */,
				33DD54E12A20B2AE00972388 /* MoviesModel.swift in Sources */,
				33DD54E72A22CF1500972388 /* ProgressConfig.swift in Sources */,
				3302A0BD2A026D6F00B87764 /* LoginView.swift in Sources */,
				33DD54D92A1CFB4200972388 /* TrailerWebView.swift in Sources */,
			);
			runOnlyForDeploymentPostprocessing = 0;
		};
/* End PBXSourcesBuildPhase section */

/* Begin XCBuildConfiguration section */
		3302A0B029F8928500B87764 /* Debug */ = {
			isa = XCBuildConfiguration;
			buildSettings = {
				ALWAYS_SEARCH_USER_PATHS = NO;
				CLANG_ANALYZER_NONNULL = YES;
				CLANG_ANALYZER_NUMBER_OBJECT_CONVERSION = YES_AGGRESSIVE;
				CLANG_CXX_LANGUAGE_STANDARD = "gnu++20";
				CLANG_ENABLE_MODULES = YES;
				CLANG_ENABLE_OBJC_ARC = YES;
				CLANG_ENABLE_OBJC_WEAK = YES;
				CLANG_WARN_BLOCK_CAPTURE_AUTORELEASING = YES;
				CLANG_WARN_BOOL_CONVERSION = YES;
				CLANG_WARN_COMMA = YES;
				CLANG_WARN_CONSTANT_CONVERSION = YES;
				CLANG_WARN_DEPRECATED_OBJC_IMPLEMENTATIONS = YES;
				CLANG_WARN_DIRECT_OBJC_ISA_USAGE = YES_ERROR;
				CLANG_WARN_DOCUMENTATION_COMMENTS = YES;
				CLANG_WARN_EMPTY_BODY = YES;
				CLANG_WARN_ENUM_CONVERSION = YES;
				CLANG_WARN_INFINITE_RECURSION = YES;
				CLANG_WARN_INT_CONVERSION = YES;
				CLANG_WARN_NON_LITERAL_NULL_CONVERSION = YES;
				CLANG_WARN_OBJC_IMPLICIT_RETAIN_SELF = YES;
				CLANG_WARN_OBJC_LITERAL_CONVERSION = YES;
				CLANG_WARN_OBJC_ROOT_CLASS = YES_ERROR;
				CLANG_WARN_QUOTED_INCLUDE_IN_FRAMEWORK_HEADER = YES;
				CLANG_WARN_RANGE_LOOP_ANALYSIS = YES;
				CLANG_WARN_STRICT_PROTOTYPES = YES;
				CLANG_WARN_SUSPICIOUS_MOVE = YES;
				CLANG_WARN_UNGUARDED_AVAILABILITY = YES_AGGRESSIVE;
				CLANG_WARN_UNREACHABLE_CODE = YES;
				CLANG_WARN__DUPLICATE_METHOD_MATCH = YES;
				COPY_PHASE_STRIP = NO;
				DEBUG_INFORMATION_FORMAT = dwarf;
				ENABLE_STRICT_OBJC_MSGSEND = YES;
				ENABLE_TESTABILITY = YES;
				GCC_C_LANGUAGE_STANDARD = gnu11;
				GCC_DYNAMIC_NO_PIC = NO;
				GCC_NO_COMMON_BLOCKS = YES;
				GCC_OPTIMIZATION_LEVEL = 0;
				GCC_PREPROCESSOR_DEFINITIONS = (
					"DEBUG=1",
					"$(inherited)",
				);
				GCC_WARN_64_TO_32_BIT_CONVERSION = YES;
				GCC_WARN_ABOUT_RETURN_TYPE = YES_ERROR;
				GCC_WARN_UNDECLARED_SELECTOR = YES;
				GCC_WARN_UNINITIALIZED_AUTOS = YES_AGGRESSIVE;
				GCC_WARN_UNUSED_FUNCTION = YES;
				GCC_WARN_UNUSED_VARIABLE = YES;
				IPHONEOS_DEPLOYMENT_TARGET = 16.2;
				MTL_ENABLE_DEBUG_INFO = INCLUDE_SOURCE;
				MTL_FAST_MATH = YES;
				ONLY_ACTIVE_ARCH = YES;
				SDKROOT = iphoneos;
				SWIFT_ACTIVE_COMPILATION_CONDITIONS = DEBUG;
				SWIFT_OPTIMIZATION_LEVEL = "-Onone";
			};
			name = Debug;
		};
		3302A0B129F8928500B87764 /* Release */ = {
			isa = XCBuildConfiguration;
			buildSettings = {
				ALWAYS_SEARCH_USER_PATHS = NO;
				CLANG_ANALYZER_NONNULL = YES;
				CLANG_ANALYZER_NUMBER_OBJECT_CONVERSION = YES_AGGRESSIVE;
				CLANG_CXX_LANGUAGE_STANDARD = "gnu++20";
				CLANG_ENABLE_MODULES = YES;
				CLANG_ENABLE_OBJC_ARC = YES;
				CLANG_ENABLE_OBJC_WEAK = YES;
				CLANG_WARN_BLOCK_CAPTURE_AUTORELEASING = YES;
				CLANG_WARN_BOOL_CONVERSION = YES;
				CLANG_WARN_COMMA = YES;
				CLANG_WARN_CONSTANT_CONVERSION = YES;
				CLANG_WARN_DEPRECATED_OBJC_IMPLEMENTATIONS = YES;
				CLANG_WARN_DIRECT_OBJC_ISA_USAGE = YES_ERROR;
				CLANG_WARN_DOCUMENTATION_COMMENTS = YES;
				CLANG_WARN_EMPTY_BODY = YES;
				CLANG_WARN_ENUM_CONVERSION = YES;
				CLANG_WARN_INFINITE_RECURSION = YES;
				CLANG_WARN_INT_CONVERSION = YES;
				CLANG_WARN_NON_LITERAL_NULL_CONVERSION = YES;
				CLANG_WARN_OBJC_IMPLICIT_RETAIN_SELF = YES;
				CLANG_WARN_OBJC_LITERAL_CONVERSION = YES;
				CLANG_WARN_OBJC_ROOT_CLASS = YES_ERROR;
				CLANG_WARN_QUOTED_INCLUDE_IN_FRAMEWORK_HEADER = YES;
				CLANG_WARN_RANGE_LOOP_ANALYSIS = YES;
				CLANG_WARN_STRICT_PROTOTYPES = YES;
				CLANG_WARN_SUSPICIOUS_MOVE = YES;
				CLANG_WARN_UNGUARDED_AVAILABILITY = YES_AGGRESSIVE;
				CLANG_WARN_UNREACHABLE_CODE = YES;
				CLANG_WARN__DUPLICATE_METHOD_MATCH = YES;
				COPY_PHASE_STRIP = NO;
				DEBUG_INFORMATION_FORMAT = "dwarf-with-dsym";
				ENABLE_NS_ASSERTIONS = NO;
				ENABLE_STRICT_OBJC_MSGSEND = YES;
				GCC_C_LANGUAGE_STANDARD = gnu11;
				GCC_NO_COMMON_BLOCKS = YES;
				GCC_WARN_64_TO_32_BIT_CONVERSION = YES;
				GCC_WARN_ABOUT_RETURN_TYPE = YES_ERROR;
				GCC_WARN_UNDECLARED_SELECTOR = YES;
				GCC_WARN_UNINITIALIZED_AUTOS = YES_AGGRESSIVE;
				GCC_WARN_UNUSED_FUNCTION = YES;
				GCC_WARN_UNUSED_VARIABLE = YES;
				IPHONEOS_DEPLOYMENT_TARGET = 16.2;
				MTL_ENABLE_DEBUG_INFO = NO;
				MTL_FAST_MATH = YES;
				SDKROOT = iphoneos;
				SWIFT_COMPILATION_MODE = wholemodule;
				SWIFT_OPTIMIZATION_LEVEL = "-O";
				VALIDATE_PRODUCT = YES;
			};
			name = Release;
		};
		3302A0B329F8928500B87764 /* Debug */ = {
			isa = XCBuildConfiguration;
			buildSettings = {
				ASSETCATALOG_COMPILER_APPICON_NAME = AppIcon;
				ASSETCATALOG_COMPILER_GLOBAL_ACCENT_COLOR_NAME = AccentColor;
				ASSETCATALOG_COMPILER_INCLUDE_ALL_APPICON_ASSETS = NO;
				CLANG_ANALYZER_SECURITY_KEYCHAIN_API = YES;
				CODE_SIGN_STYLE = Automatic;
				CURRENT_PROJECT_VERSION = 1;
				DEVELOPMENT_ASSET_PATHS = "\"NetMovies/Preview Content\"";
				DEVELOPMENT_TEAM = ZULTA5289G;
				ENABLE_PREVIEWS = YES;
				GENERATE_INFOPLIST_FILE = YES;
				INFOPLIST_KEY_UIApplicationSceneManifest_Generation = YES;
				INFOPLIST_KEY_UIApplicationSupportsIndirectInputEvents = YES;
				INFOPLIST_KEY_UILaunchScreen_Generation = YES;
				INFOPLIST_KEY_UIRequiresFullScreen = NO;
				INFOPLIST_KEY_UIStatusBarHidden = NO;
				INFOPLIST_KEY_UIStatusBarStyle = "";
				INFOPLIST_KEY_UISupportedInterfaceOrientations_iPad = "UIInterfaceOrientationPortrait UIInterfaceOrientationPortraitUpsideDown UIInterfaceOrientationLandscapeLeft UIInterfaceOrientationLandscapeRight";
				INFOPLIST_KEY_UISupportedInterfaceOrientations_iPhone = "UIInterfaceOrientationPortrait UIInterfaceOrientationLandscapeLeft UIInterfaceOrientationLandscapeRight";
				LD_RUNPATH_SEARCH_PATHS = (
					"$(inherited)",
					"@executable_path/Frameworks",
				);
				MARKETING_VERSION = 1.0;
				PRODUCT_BUNDLE_IDENTIFIER = abdul.NetMovies;
				PRODUCT_NAME = "$(TARGET_NAME)";
				SWIFT_EMIT_LOC_STRINGS = YES;
				SWIFT_VERSION = 5.0;
				TARGETED_DEVICE_FAMILY = "1,2";
			};
			name = Debug;
		};
		3302A0B429F8928500B87764 /* Release */ = {
			isa = XCBuildConfiguration;
			buildSettings = {
				ASSETCATALOG_COMPILER_APPICON_NAME = AppIcon;
				ASSETCATALOG_COMPILER_GLOBAL_ACCENT_COLOR_NAME = AccentColor;
				ASSETCATALOG_COMPILER_INCLUDE_ALL_APPICON_ASSETS = NO;
				CLANG_ANALYZER_SECURITY_KEYCHAIN_API = YES;
				CODE_SIGN_STYLE = Automatic;
				CURRENT_PROJECT_VERSION = 1;
				DEVELOPMENT_ASSET_PATHS = "\"NetMovies/Preview Content\"";
				DEVELOPMENT_TEAM = ZULTA5289G;
				ENABLE_PREVIEWS = YES;
				GENERATE_INFOPLIST_FILE = YES;
				INFOPLIST_KEY_UIApplicationSceneManifest_Generation = YES;
				INFOPLIST_KEY_UIApplicationSupportsIndirectInputEvents = YES;
				INFOPLIST_KEY_UILaunchScreen_Generation = YES;
				INFOPLIST_KEY_UIRequiresFullScreen = NO;
				INFOPLIST_KEY_UIStatusBarHidden = NO;
				INFOPLIST_KEY_UIStatusBarStyle = "";
				INFOPLIST_KEY_UISupportedInterfaceOrientations_iPad = "UIInterfaceOrientationPortrait UIInterfaceOrientationPortraitUpsideDown UIInterfaceOrientationLandscapeLeft UIInterfaceOrientationLandscapeRight";
				INFOPLIST_KEY_UISupportedInterfaceOrientations_iPhone = "UIInterfaceOrientationPortrait UIInterfaceOrientationLandscapeLeft UIInterfaceOrientationLandscapeRight";
				LD_RUNPATH_SEARCH_PATHS = (
					"$(inherited)",
					"@executable_path/Frameworks",
				);
				MARKETING_VERSION = 1.0;
				PRODUCT_BUNDLE_IDENTIFIER = abdul.NetMovies;
				PRODUCT_NAME = "$(TARGET_NAME)";
				SWIFT_EMIT_LOC_STRINGS = YES;
				SWIFT_VERSION = 5.0;
				TARGETED_DEVICE_FAMILY = "1,2";
			};
			name = Release;
		};
/* End XCBuildConfiguration section */

/* Begin XCConfigurationList section */
		3302A09F29F8928400B87764 /* Build configuration list for PBXProject "NetMovies" */ = {
			isa = XCConfigurationList;
			buildConfigurations = (
				3302A0B029F8928500B87764 /* Debug */,
				3302A0B129F8928500B87764 /* Release */,
			);
			defaultConfigurationIsVisible = 0;
			defaultConfigurationName = Release;
		};
		3302A0B229F8928500B87764 /* Build configuration list for PBXNativeTarget "NetMovies" */ = {
			isa = XCConfigurationList;
			buildConfigurations = (
				3302A0B329F8928500B87764 /* Debug */,
				3302A0B429F8928500B87764 /* Release */,
			);
			defaultConfigurationIsVisible = 0;
			defaultConfigurationName = Release;
		};
/* End XCConfigurationList section */

/* Begin XCRemoteSwiftPackageReference section */
		33DD54AF2A095FF900972388 /* XCRemoteSwiftPackageReference "SDWebImage" */ = {
			isa = XCRemoteSwiftPackageReference;
			repositoryURL = "https://github.com/SDWebImage/SDWebImage.git";
			requirement = {
				kind = upToNextMajorVersion;
				minimumVersion = 5.0.0;
			};
		};
		33DD54BA2A0D2F9A00972388 /* XCRemoteSwiftPackageReference "firebase-ios-sdk" */ = {
			isa = XCRemoteSwiftPackageReference;
			repositoryURL = "https://github.com/firebase/firebase-ios-sdk";
			requirement = {
				kind = upToNextMajorVersion;
				minimumVersion = 9.0.0;
			};
		};
/* End XCRemoteSwiftPackageReference section */

/* Begin XCSwiftPackageProductDependency section */
		33DD54B02A095FF900972388 /* SDWebImage */ = {
			isa = XCSwiftPackageProductDependency;
			package = 33DD54AF2A095FF900972388 /* XCRemoteSwiftPackageReference "SDWebImage" */;
			productName = SDWebImage;
		};
		33DD54B22A095FF900972388 /* SDWebImageMapKit */ = {
			isa = XCSwiftPackageProductDependency;
			package = 33DD54AF2A095FF900972388 /* XCRemoteSwiftPackageReference "SDWebImage" */;
			productName = SDWebImageMapKit;
		};
		33DD54BB2A0D2F9A00972388 /* FirebaseAuth */ = {
			isa = XCSwiftPackageProductDependency;
			package = 33DD54BA2A0D2F9A00972388 /* XCRemoteSwiftPackageReference "firebase-ios-sdk" */;
			productName = FirebaseAuth;
		};
		33DD54BD2A0D2F9A00972388 /* FirebaseAuthCombine-Community */ = {
			isa = XCSwiftPackageProductDependency;
			package = 33DD54BA2A0D2F9A00972388 /* XCRemoteSwiftPackageReference "firebase-ios-sdk" */;
			productName = "FirebaseAuthCombine-Community";
		};
		33DD54BF2A0D2F9A00972388 /* FirebaseDatabase */ = {
			isa = XCSwiftPackageProductDependency;
			package = 33DD54BA2A0D2F9A00972388 /* XCRemoteSwiftPackageReference "firebase-ios-sdk" */;
			productName = FirebaseDatabase;
		};
		33DD54C12A0D2F9A00972388 /* FirebaseDatabaseSwift */ = {
			isa = XCSwiftPackageProductDependency;
			package = 33DD54BA2A0D2F9A00972388 /* XCRemoteSwiftPackageReference "firebase-ios-sdk" */;
			productName = FirebaseDatabaseSwift;
		};
		33DD54C32A0D2F9A00972388 /* FirebaseFirestore */ = {
			isa = XCSwiftPackageProductDependency;
			package = 33DD54BA2A0D2F9A00972388 /* XCRemoteSwiftPackageReference "firebase-ios-sdk" */;
			productName = FirebaseFirestore;
		};
		33DD54C52A0D2F9A00972388 /* FirebaseFirestoreCombine-Community */ = {
			isa = XCSwiftPackageProductDependency;
			package = 33DD54BA2A0D2F9A00972388 /* XCRemoteSwiftPackageReference "firebase-ios-sdk" */;
			productName = "FirebaseFirestoreCombine-Community";
		};
		33DD54C72A0D2F9A00972388 /* FirebaseFirestoreSwift */ = {
			isa = XCSwiftPackageProductDependency;
			package = 33DD54BA2A0D2F9A00972388 /* XCRemoteSwiftPackageReference "firebase-ios-sdk" */;
			productName = FirebaseFirestoreSwift;
		};
		33DD54C92A0D2F9A00972388 /* FirebaseStorage */ = {
			isa = XCSwiftPackageProductDependency;
			package = 33DD54BA2A0D2F9A00972388 /* XCRemoteSwiftPackageReference "firebase-ios-sdk" */;
			productName = FirebaseStorage;
		};
		33DD54CB2A0D2F9A00972388 /* FirebaseStorageCombine-Community */ = {
			isa = XCSwiftPackageProductDependency;
			package = 33DD54BA2A0D2F9A00972388 /* XCRemoteSwiftPackageReference "firebase-ios-sdk" */;
			productName = "FirebaseStorageCombine-Community";
		};
/* End XCSwiftPackageProductDependency section */

/* Begin XCVersionGroup section */
		33DD54DD2A20B14100972388 /* NetMoviesDataModel.xcdatamodeld */ = {
			isa = XCVersionGroup;
			children = (
				33DD54DE2A20B14100972388 /* NetMoviesDataModel.xcdatamodel */,
			);
			currentVersion = 33DD54DE2A20B14100972388 /* NetMoviesDataModel.xcdatamodel */;
			path = NetMoviesDataModel.xcdatamodeld;
			sourceTree = "<group>";
			versionGroupType = wrapper.xcdatamodel;
		};
/* End XCVersionGroup section */
	};
	rootObject = 3302A09C29F8928400B87764 /* Project object */;
}
